
Microsoft Visual Studio Solution File, Format Version 12.00
# Visual Studio Version 17
VisualStudioVersion = 17.5.33627.172
MinimumVisualStudioVersion = 10.0.40219.1
Project("{FAE04EC0-301F-11D3-BF4B-00C04F79EFBC}") = "OpenAIAssessment", "OpenAIAssessment\OpenAIAssessment.csproj", "{EA7A24CA-C6A5-4C60-AC2F-7EDCA6C1FC0C}"
EndProject
Project("{2150E333-8FDC-42A3-9474-1A3956D46DE8}") = "DevExtreme NuGet.config", "DevExtreme NuGet.config", "{8D797FB9-6FE0-46F0-9C3C-705EDC899D20}"
	ProjectSection(SolutionItems) = preProject
		NuGet.config = NuGet.config
	EndProjectSection
EndProject
Global
	GlobalSection(SolutionConfigurationPlatforms) = preSolution
		Debug|Any CPU = Debug|Any CPU
		Release|Any CPU = Release|Any CPU
	EndGlobalSection
	GlobalSection(ProjectConfigurationPlatforms) = postSolution
		{EA7A24CA-C6A5-4C60-AC2F-7EDCA6C1FC0C}.Debug|Any CPU.ActiveCfg = Debug|Any CPU
		{EA7A24CA-C6A5-4C60-AC2F-7EDCA6C1FC0C}.Debug|Any CPU.Build.0 = Debug|Any CPU
		{EA7A24CA-C6A5-4C60-AC2F-7EDCA6C1FC0C}.Release|Any CPU.ActiveCfg = Release|Any CPU
		{EA7A24CA-C6A5-4C60-AC2F-7EDCA6C1FC0C}.Release|Any CPU.Build.0 = Release|Any CPU
	EndGlobalSection
	GlobalSection(SolutionProperties) = preSolution
		HideSolutionNode = FALSE
	EndGlobalSection
	GlobalSection(ExtensibilityGlobals) = postSolution
		SolutionGuid = {2BED11EB-8B7E-439C-A671-CAE91C6B4957}
	EndGlobalSection
EndGlobal
